
Microsoft Visual Studio Solution File, Format Version 12.00
# Visual Studio 15
VisualStudioVersion = 15.0.27703.2042
MinimumVisualStudioVersion = 10.0.40219.1
Project("{9A19103F-16F7-4668-BE54-9A1E7A4F7556}") = "Featureban", "src\Featureban\Featureban.csproj", "{36535353-534E-4053-97B3-5DE40B4A4966}"
EndProject
Project("{2150E333-8FDC-42A3-9474-1A3956D46DE8}") = "src", "src", "{EE32584B-A496-47BF-A54B-1171E43ED303}"
EndProject
Project("{2150E333-8FDC-42A3-9474-1A3956D46DE8}") = "tests", "tests", "{88D0828C-F986-42CD-AC4C-9AF1EE592EC7}"
EndProject
Project("{9A19103F-16F7-4668-BE54-9A1E7A4F7556}") = "Featureban.Domain.Tests", "tests\Featureban.Domain.Tests\Featureban.Domain.Tests.csproj", "{96F6F4F6-1C31-4171-90C7-D5EF580DABB5}"
EndProject
Global
	GlobalSection(SolutionConfigurationPlatforms) = preSolution
		Debug|Any CPU = Debug|Any CPU
		Release|Any CPU = Release|Any CPU
	EndGlobalSection
	GlobalSection(ProjectConfigurationPlatforms) = postSolution
		{36535353-534E-4053-97B3-5DE40B4A4966}.Debug|Any CPU.ActiveCfg = Debug|Any CPU
		{36535353-534E-4053-97B3-5DE40B4A4966}.Debug|Any CPU.Build.0 = Debug|Any CPU
		{36535353-534E-4053-97B3-5DE40B4A4966}.Release|Any CPU.ActiveCfg = Release|Any CPU
		{36535353-534E-4053-97B3-5DE40B4A4966}.Release|Any CPU.Build.0 = Release|Any CPU
		{96F6F4F6-1C31-4171-90C7-D5EF580DABB5}.Debug|Any CPU.ActiveCfg = Debug|Any CPU
		{96F6F4F6-1C31-4171-90C7-D5EF580DABB5}.Debug|Any CPU.Build.0 = Debug|Any CPU
		{96F6F4F6-1C31-4171-90C7-D5EF580DABB5}.Release|Any CPU.ActiveCfg = Release|Any CPU
		{96F6F4F6-1C31-4171-90C7-D5EF580DABB5}.Release|Any CPU.Build.0 = Release|Any CPU
	EndGlobalSection
	GlobalSection(SolutionProperties) = preSolution
		HideSolutionNode = FALSE
	EndGlobalSection
	GlobalSection(NestedProjects) = preSolution
		{36535353-534E-4053-97B3-5DE40B4A4966} = {EE32584B-A496-47BF-A54B-1171E43ED303}
		{96F6F4F6-1C31-4171-90C7-D5EF580DABB5} = {88D0828C-F986-42CD-AC4C-9AF1EE592EC7}
	EndGlobalSection
	GlobalSection(ExtensibilityGlobals) = postSolution
		SolutionGuid = {B9BAC746-B646-41BE-9729-061D6E9684C8}
	EndGlobalSection
EndGlobal
